
Microsoft Visual Studio Solution File, Format Version 12.00
# Visual Studio Version 16
VisualStudioVersion = 16.0.31702.278
MinimumVisualStudioVersion = 10.0.40219.1
Project("{FAE04EC0-301F-11D3-BF4B-00C04F79EFBC}") = "ArithmeticCoding", "ArithmeticCoding\ArithmeticCoding.csproj", "{9C54DB76-515C-428A-B60D-9886DD7F9BD6}"
EndProject
Global
	GlobalSection(SolutionConfigurationPlatforms) = preSolution
		Debug|Any CPU = Debug|Any CPU
		Release|Any CPU = Release|Any CPU
	EndGlobalSection
	GlobalSection(ProjectConfigurationPlatforms) = postSolution
		{9C54DB76-515C-428A-B60D-9886DD7F9BD6}.Debug|Any CPU.ActiveCfg = Debug|Any CPU
		{9C54DB76-515C-428A-B60D-9886DD7F9BD6}.Debug|Any CPU.Build.0 = Debug|Any CPU
		{9C54DB76-515C-428A-B60D-9886DD7F9BD6}.Release|Any CPU.ActiveCfg = Release|Any CPU
		{9C54DB76-515C-428A-B60D-9886DD7F9BD6}.Release|Any CPU.Build.0 = Release|Any CPU
	EndGlobalSection
	GlobalSection(SolutionProperties) = preSolution
		HideSolutionNode = FALSE
	EndGlobalSection
	GlobalSection(ExtensibilityGlobals) = postSolution
		SolutionGuid = {1F381AD1-EBB9-41AB-BA44-411E3F50E5C5}
	EndGlobalSection
EndGlobal
